
Microsoft Visual Studio Solution File, Format Version 12.00
# Visual Studio Version 17
VisualStudioVersion = 17.11.35208.52
MinimumVisualStudioVersion = 10.0.40219.1
Project("{FAE04EC0-301F-11D3-BF4B-00C04F79EFBC}") = "Sloth", "Sloth\Sloth.csproj", "{42F00E54-8948-4BA3-A337-6ECFF348ED88}"
EndProject
Global
	GlobalSection(SolutionConfigurationPlatforms) = preSolution
		Debug|Any CPU = Debug|Any CPU
		Release|Any CPU = Release|Any CPU
	EndGlobalSection
	GlobalSection(ProjectConfigurationPlatforms) = postSolution
		{42F00E54-8948-4BA3-A337-6ECFF348ED88}.Debug|Any CPU.ActiveCfg = Debug|Any CPU
		{42F00E54-8948-4BA3-A337-6ECFF348ED88}.Debug|Any CPU.Build.0 = Debug|Any CPU
		{42F00E54-8948-4BA3-A337-6ECFF348ED88}.Release|Any CPU.ActiveCfg = Release|Any CPU
		{42F00E54-8948-4BA3-A337-6ECFF348ED88}.Release|Any CPU.Build.0 = Release|Any CPU
	EndGlobalSection
	GlobalSection(SolutionProperties) = preSolution
		HideSolutionNode = FALSE
	EndGlobalSection
	GlobalSection(ExtensibilityGlobals) = postSolution
		SolutionGuid = {10409692-D0DB-4986-8796-8A4949130E32}
	EndGlobalSection
EndGlobal
